
Microsoft Visual Studio Solution File, Format Version 12.00
# Visual Studio Version 17
VisualStudioVersion = 17.13.35919.96 d17.13
MinimumVisualStudioVersion = 10.0.40219.1
Project("{FAE04EC0-301F-11D3-BF4B-00C04F79EFBC}") = "Lab3DbNet.Core", "Lab3DbNetMocking\Lab3DbNet.Core.csproj", "{2B33C62B-2568-45CF-83AE-9FF096A80DAA}"
EndProject
Project("{FAE04EC0-301F-11D3-BF4B-00C04F79EFBC}") = "Lab3DbNetMocking.Tests", "Lab3DbNetMocking.Tests\Lab3DbNetMocking.Tests.csproj", "{8DA40295-B19A-4C52-8F2F-9FDA7E2C3934}"
EndProject
Project("{2150E333-8FDC-42A3-9474-1A3956D46DE8}") = "Solution Items", "Solution Items", "{8EC462FD-D22E-90A8-E5CE-7E832BA40C5D}"
	ProjectSection(SolutionItems) = preProject
		App.config = App.config
	EndProjectSection
EndProject
Global
	GlobalSection(SolutionConfigurationPlatforms) = preSolution
		Debug|Any CPU = Debug|Any CPU
		Release|Any CPU = Release|Any CPU
	EndGlobalSection
	GlobalSection(ProjectConfigurationPlatforms) = postSolution
		{2B33C62B-2568-45CF-83AE-9FF096A80DAA}.Debug|Any CPU.ActiveCfg = Debug|Any CPU
		{2B33C62B-2568-45CF-83AE-9FF096A80DAA}.Debug|Any CPU.Build.0 = Debug|Any CPU
		{2B33C62B-2568-45CF-83AE-9FF096A80DAA}.Release|Any CPU.ActiveCfg = Release|Any CPU
		{2B33C62B-2568-45CF-83AE-9FF096A80DAA}.Release|Any CPU.Build.0 = Release|Any CPU
		{8DA40295-B19A-4C52-8F2F-9FDA7E2C3934}.Debug|Any CPU.ActiveCfg = Debug|Any CPU
		{8DA40295-B19A-4C52-8F2F-9FDA7E2C3934}.Debug|Any CPU.Build.0 = Debug|Any CPU
		{8DA40295-B19A-4C52-8F2F-9FDA7E2C3934}.Release|Any CPU.ActiveCfg = Release|Any CPU
		{8DA40295-B19A-4C52-8F2F-9FDA7E2C3934}.Release|Any CPU.Build.0 = Release|Any CPU
	EndGlobalSection
	GlobalSection(SolutionProperties) = preSolution
		HideSolutionNode = FALSE
	EndGlobalSection
	GlobalSection(ExtensibilityGlobals) = postSolution
		SolutionGuid = {FF83E823-49A4-4FCA-BC02-ABDBF26FCBD7}
	EndGlobalSection
EndGlobal
